
Microsoft Visual Studio Solution File, Format Version 12.00
# Visual Studio Version 17
VisualStudioVersion = 17.10.34916.146
MinimumVisualStudioVersion = 10.0.40219.1
Project("{FAE04EC0-301F-11D3-BF4B-00C04F79EFBC}") = "TaskManager.Entities", "TaskManager.Entities\TaskManager.Entities.csproj", "{D5A12380-2FE9-4F81-A59F-0670541D20C7}"
EndProject
Project("{FAE04EC0-301F-11D3-BF4B-00C04F79EFBC}") = "TaskManager.DataAccess", "TaskManager.DataAccess\TaskManager.DataAccess.csproj", "{C8854C7D-7D3A-4F71-B467-C9DD5591259B}"
EndProject
Project("{FAE04EC0-301F-11D3-BF4B-00C04F79EFBC}") = "TaskManager.API", "TaskManager.API\TaskManager.API.csproj", "{7C31AE87-D497-4411-B80A-CCAD9A0C2E66}"
EndProject
Project("{FAE04EC0-301F-11D3-BF4B-00C04F79EFBC}") = "TaskManager.Business", "TaskManager.Business\TaskManager.Business.csproj", "{79E0AF51-E32D-49D2-AAC1-B755E1F78EC8}"
EndProject
Project("{FAE04EC0-301F-11D3-BF4B-00C04F79EFBC}") = "TaskManager.Core", "TaskManager.Core\TaskManager.Core.csproj", "{46B7D1A8-B2BD-4E83-AB98-AFC36BD3D38F}"
EndProject
Global
	GlobalSection(SolutionConfigurationPlatforms) = preSolution
		Debug|Any CPU = Debug|Any CPU
		Release|Any CPU = Release|Any CPU
	EndGlobalSection
	GlobalSection(ProjectConfigurationPlatforms) = postSolution
		{D5A12380-2FE9-4F81-A59F-0670541D20C7}.Debug|Any CPU.ActiveCfg = Debug|Any CPU
		{D5A12380-2FE9-4F81-A59F-0670541D20C7}.Debug|Any CPU.Build.0 = Debug|Any CPU
		{D5A12380-2FE9-4F81-A59F-0670541D20C7}.Release|Any CPU.ActiveCfg = Release|Any CPU
		{D5A12380-2FE9-4F81-A59F-0670541D20C7}.Release|Any CPU.Build.0 = Release|Any CPU
		{C8854C7D-7D3A-4F71-B467-C9DD5591259B}.Debug|Any CPU.ActiveCfg = Debug|Any CPU
		{C8854C7D-7D3A-4F71-B467-C9DD5591259B}.Debug|Any CPU.Build.0 = Debug|Any CPU
		{C8854C7D-7D3A-4F71-B467-C9DD5591259B}.Release|Any CPU.ActiveCfg = Release|Any CPU
		{C8854C7D-7D3A-4F71-B467-C9DD5591259B}.Release|Any CPU.Build.0 = Release|Any CPU
		{7C31AE87-D497-4411-B80A-CCAD9A0C2E66}.Debug|Any CPU.ActiveCfg = Debug|Any CPU
		{7C31AE87-D497-4411-B80A-CCAD9A0C2E66}.Debug|Any CPU.Build.0 = Debug|Any CPU
		{7C31AE87-D497-4411-B80A-CCAD9A0C2E66}.Release|Any CPU.ActiveCfg = Release|Any CPU
		{7C31AE87-D497-4411-B80A-CCAD9A0C2E66}.Release|Any CPU.Build.0 = Release|Any CPU
		{79E0AF51-E32D-49D2-AAC1-B755E1F78EC8}.Debug|Any CPU.ActiveCfg = Debug|Any CPU
		{79E0AF51-E32D-49D2-AAC1-B755E1F78EC8}.Debug|Any CPU.Build.0 = Debug|Any CPU
		{79E0AF51-E32D-49D2-AAC1-B755E1F78EC8}.Release|Any CPU.ActiveCfg = Release|Any CPU
		{79E0AF51-E32D-49D2-AAC1-B755E1F78EC8}.Release|Any CPU.Build.0 = Release|Any CPU
		{46B7D1A8-B2BD-4E83-AB98-AFC36BD3D38F}.Debug|Any CPU.ActiveCfg = Debug|Any CPU
		{46B7D1A8-B2BD-4E83-AB98-AFC36BD3D38F}.Debug|Any CPU.Build.0 = Debug|Any CPU
		{46B7D1A8-B2BD-4E83-AB98-AFC36BD3D38F}.Release|Any CPU.ActiveCfg = Release|Any CPU
		{46B7D1A8-B2BD-4E83-AB98-AFC36BD3D38F}.Release|Any CPU.Build.0 = Release|Any CPU
	EndGlobalSection
	GlobalSection(SolutionProperties) = preSolution
		HideSolutionNode = FALSE
	EndGlobalSection
	GlobalSection(ExtensibilityGlobals) = postSolution
		SolutionGuid = {D724DD8E-BE32-48A3-8F22-37544DACE87B}
	EndGlobalSection
EndGlobal
